{
  "name": "node-workspaces",
  "lockfileVersion": 2,
  "requires": true,
  "packages": {
    "": {
      "name": "node-workspaces",
      "workspaces": [
        "src/test-workspace-1",
        "src/test-workspace-2"
      ]
    },
    "node_modules/test-workspace-1": {
      "resolved": "src/test-workspace-1",
      "link": true
    },
    "node_modules/test-workspace-2": {
      "resolved": "src/test-workspace-2",
      "link": true
    },
    "src/test-workspace-1": {
      "version": "1.0.3",
      "license": "ISC"
    },
    "src/test-workspace-2": {
      "version": "1.0.2",
      "license": "ISC",
      "devDependencies": {}
    }
  },
  "dependencies": {
    "test-workspace-1": {
      "version": "file:src/test-workspace-1"
    },
    "test-workspace-2": {
      "version": "file:src/test-workspace-2"
    }
  }
}
